
Microsoft Visual Studio Solution File, Format Version 12.00
# Visual Studio Version 17
VisualStudioVersion = 17.14.36414.22 d17.14
MinimumVisualStudioVersion = 10.0.40219.1
Project("{FAE04EC0-301F-11D3-BF4B-00C04F79EFBC}") = "InventoryApi", "InventoryApi.csproj", "{D13954DF-6AA6-4972-818E-63BC0655D35E}"
EndProject
Global
	GlobalSection(SolutionConfigurationPlatforms) = preSolution
		Debug|Any CPU = Debug|Any CPU
		Release|Any CPU = Release|Any CPU
	EndGlobalSection
	GlobalSection(ProjectConfigurationPlatforms) = postSolution
		{D13954DF-6AA6-4972-818E-63BC0655D35E}.Debug|Any CPU.ActiveCfg = Debug|Any CPU
		{D13954DF-6AA6-4972-818E-63BC0655D35E}.Debug|Any CPU.Build.0 = Debug|Any CPU
		{D13954DF-6AA6-4972-818E-63BC0655D35E}.Release|Any CPU.ActiveCfg = Release|Any CPU
		{D13954DF-6AA6-4972-818E-63BC0655D35E}.Release|Any CPU.Build.0 = Release|Any CPU
	EndGlobalSection
	GlobalSection(SolutionProperties) = preSolution
		HideSolutionNode = FALSE
	EndGlobalSection
	GlobalSection(ExtensibilityGlobals) = postSolution
		SolutionGuid = {A16DD586-E1CE-4336-BA10-814FE3D4F3E1}
	EndGlobalSection
EndGlobal
